name: Update Flake Lock

on:
  workflow_dispatch:
  workflow_call:
    secrets:
      GH_TOKEN:
        required: true

permissions:
  contents: write

jobs:
  update-flake-lock:
    runs-on: ubuntu-latest
    steps:
      - name: Checkout repository
        uses: actions/checkout@v6

      - name: Install Nix
        uses: DeterminateSystems/nix-installer-action@main
        with:
          extra-conf: |
            access-tokens = github.com=${{ secrets.GH_TOKEN }}

      - uses: ./.github/actions/update-flake-lock
